
Microsoft Visual Studio Solution File, Format Version 12.00
# Visual Studio Version 17
VisualStudioVersion = 17.0.31912.275
MinimumVisualStudioVersion = 10.0.40219.1
Project("{9A19103F-16F7-4668-BE54-9A1E7A4F7556}") = "PerformanceCalculator", "PerformanceCalculator\PerformanceCalculator.csproj", "{F6789279-F22C-472C-891C-2A3DEF90616A}"
EndProject
Project("{9A19103F-16F7-4668-BE54-9A1E7A4F7556}") = "PerformanceCalculatorGUI", "PerformanceCalculatorGUI\PerformanceCalculatorGUI.csproj", "{BB34B7BA-CB01-4F5F-9532-B070F3A2C52E}"
EndProject
Project("{FAE04EC0-301F-11D3-BF4B-00C04F79EFBC}") = "osu.Game.Rulesets.Catch", "..\osu\osu.Game.Rulesets.Catch\osu.Game.Rulesets.Catch.csproj", "{9085A92E-73C1-4B3B-97D5-4A4DEAAF6674}"
EndProject
Project("{FAE04EC0-301F-11D3-BF4B-00C04F79EFBC}") = "osu.Game.Rulesets.Mania", "..\osu\osu.Game.Rulesets.Mania\osu.Game.Rulesets.Mania.csproj", "{46BA42EA-24CA-4BF2-A7E8-AECACA677323}"
EndProject
Project("{FAE04EC0-301F-11D3-BF4B-00C04F79EFBC}") = "osu.Game.Rulesets.Osu", "..\osu\osu.Game.Rulesets.Osu\osu.Game.Rulesets.Osu.csproj", "{1FF3E8F5-9058-416A-99C9-3BB2FE2CFD78}"
EndProject
Project("{FAE04EC0-301F-11D3-BF4B-00C04F79EFBC}") = "osu.Game.Rulesets.Taiko", "..\osu\osu.Game.Rulesets.Taiko\osu.Game.Rulesets.Taiko.csproj", "{36318E69-75F5-4012-9F7A-90B5FBF599B3}"
EndProject
Project("{FAE04EC0-301F-11D3-BF4B-00C04F79EFBC}") = "osu.Game", "..\osu\osu.Game\osu.Game.csproj", "{4E747E10-3745-425F-A076-E41C6FDCAEAE}"
EndProject
Global
	GlobalSection(SolutionConfigurationPlatforms) = preSolution
		Debug|Any CPU = Debug|Any CPU
		Release|Any CPU = Release|Any CPU
	EndGlobalSection
	GlobalSection(ProjectConfigurationPlatforms) = postSolution
		{F6789279-F22C-472C-891C-2A3DEF90616A}.Debug|Any CPU.ActiveCfg = Debug|Any CPU
		{F6789279-F22C-472C-891C-2A3DEF90616A}.Debug|Any CPU.Build.0 = Debug|Any CPU
		{F6789279-F22C-472C-891C-2A3DEF90616A}.Release|Any CPU.ActiveCfg = Release|Any CPU
		{F6789279-F22C-472C-891C-2A3DEF90616A}.Release|Any CPU.Build.0 = Release|Any CPU
		{BB34B7BA-CB01-4F5F-9532-B070F3A2C52E}.Debug|Any CPU.ActiveCfg = Debug|Any CPU
		{BB34B7BA-CB01-4F5F-9532-B070F3A2C52E}.Debug|Any CPU.Build.0 = Debug|Any CPU
		{BB34B7BA-CB01-4F5F-9532-B070F3A2C52E}.Release|Any CPU.ActiveCfg = Release|Any CPU
		{BB34B7BA-CB01-4F5F-9532-B070F3A2C52E}.Release|Any CPU.Build.0 = Release|Any CPU
		{9085A92E-73C1-4B3B-97D5-4A4DEAAF6674}.Debug|Any CPU.ActiveCfg = Debug|Any CPU
		{9085A92E-73C1-4B3B-97D5-4A4DEAAF6674}.Debug|Any CPU.Build.0 = Debug|Any CPU
		{9085A92E-73C1-4B3B-97D5-4A4DEAAF6674}.Release|Any CPU.ActiveCfg = Release|Any CPU
		{9085A92E-73C1-4B3B-97D5-4A4DEAAF6674}.Release|Any CPU.Build.0 = Release|Any CPU
		{46BA42EA-24CA-4BF2-A7E8-AECACA677323}.Debug|Any CPU.ActiveCfg = Debug|Any CPU
		{46BA42EA-24CA-4BF2-A7E8-AECACA677323}.Debug|Any CPU.Build.0 = Debug|Any CPU
		{46BA42EA-24CA-4BF2-A7E8-AECACA677323}.Release|Any CPU.ActiveCfg = Release|Any CPU
		{46BA42EA-24CA-4BF2-A7E8-AECACA677323}.Release|Any CPU.Build.0 = Release|Any CPU
		{1FF3E8F5-9058-416A-99C9-3BB2FE2CFD78}.Debug|Any CPU.ActiveCfg = Debug|Any CPU
		{1FF3E8F5-9058-416A-99C9-3BB2FE2CFD78}.Debug|Any CPU.Build.0 = Debug|Any CPU
		{1FF3E8F5-9058-416A-99C9-3BB2FE2CFD78}.Release|Any CPU.ActiveCfg = Release|Any CPU
		{1FF3E8F5-9058-416A-99C9-3BB2FE2CFD78}.Release|Any CPU.Build.0 = Release|Any CPU
		{36318E69-75F5-4012-9F7A-90B5FBF599B3}.Debug|Any CPU.ActiveCfg = Debug|Any CPU
		{36318E69-75F5-4012-9F7A-90B5FBF599B3}.Debug|Any CPU.Build.0 = Debug|Any CPU
		{36318E69-75F5-4012-9F7A-90B5FBF599B3}.Release|Any CPU.ActiveCfg = Release|Any CPU
		{36318E69-75F5-4012-9F7A-90B5FBF599B3}.Release|Any CPU.Build.0 = Release|Any CPU
		{4E747E10-3745-425F-A076-E41C6FDCAEAE}.Debug|Any CPU.ActiveCfg = Debug|Any CPU
		{4E747E10-3745-425F-A076-E41C6FDCAEAE}.Debug|Any CPU.Build.0 = Debug|Any CPU
		{4E747E10-3745-425F-A076-E41C6FDCAEAE}.Release|Any CPU.ActiveCfg = Release|Any CPU
		{4E747E10-3745-425F-A076-E41C6FDCAEAE}.Release|Any CPU.Build.0 = Release|Any CPU
	EndGlobalSection
	GlobalSection(SolutionProperties) = preSolution
		HideSolutionNode = FALSE
	EndGlobalSection
	GlobalSection(ExtensibilityGlobals) = postSolution
		SolutionGuid = {8D1E8065-217B-4075-81D2-D6789C77C952}
	EndGlobalSection
EndGlobal
